
Microsoft Visual Studio Solution File, Format Version 12.00
# Visual Studio Version 17
VisualStudioVersion = 17.12.35514.174 d17.12
MinimumVisualStudioVersion = 10.0.40219.1
Project("{FAE04EC0-301F-11D3-BF4B-00C04F79EFBC}") = "Ejercicio 1", "Ejercicio 1\Ejercicio 1.csproj", "{F3B6AE76-8134-4B52-A247-DA1797CED53A}"
EndProject
Project("{FAE04EC0-301F-11D3-BF4B-00C04F79EFBC}") = "Ejercicio 2", "Ejercicio 2\Ejercicio 2.csproj", "{E7848E7E-7D70-4C39-BEF4-613553BAF014}"
EndProject
Project("{FAE04EC0-301F-11D3-BF4B-00C04F79EFBC}") = "Ejercicio 3", "Ejercicio 3\Ejercicio 3.csproj", "{00931989-16FD-45A2-BC21-DBFF47D832C0}"
EndProject
Global
	GlobalSection(SolutionConfigurationPlatforms) = preSolution
		Debug|Any CPU = Debug|Any CPU
		Release|Any CPU = Release|Any CPU
	EndGlobalSection
	GlobalSection(ProjectConfigurationPlatforms) = postSolution
		{F3B6AE76-8134-4B52-A247-DA1797CED53A}.Debug|Any CPU.ActiveCfg = Debug|Any CPU
		{F3B6AE76-8134-4B52-A247-DA1797CED53A}.Debug|Any CPU.Build.0 = Debug|Any CPU
		{F3B6AE76-8134-4B52-A247-DA1797CED53A}.Release|Any CPU.ActiveCfg = Release|Any CPU
		{F3B6AE76-8134-4B52-A247-DA1797CED53A}.Release|Any CPU.Build.0 = Release|Any CPU
		{E7848E7E-7D70-4C39-BEF4-613553BAF014}.Debug|Any CPU.ActiveCfg = Debug|Any CPU
		{E7848E7E-7D70-4C39-BEF4-613553BAF014}.Debug|Any CPU.Build.0 = Debug|Any CPU
		{E7848E7E-7D70-4C39-BEF4-613553BAF014}.Release|Any CPU.ActiveCfg = Release|Any CPU
		{E7848E7E-7D70-4C39-BEF4-613553BAF014}.Release|Any CPU.Build.0 = Release|Any CPU
		{00931989-16FD-45A2-BC21-DBFF47D832C0}.Debug|Any CPU.ActiveCfg = Debug|Any CPU
		{00931989-16FD-45A2-BC21-DBFF47D832C0}.Debug|Any CPU.Build.0 = Debug|Any CPU
		{00931989-16FD-45A2-BC21-DBFF47D832C0}.Release|Any CPU.ActiveCfg = Release|Any CPU
		{00931989-16FD-45A2-BC21-DBFF47D832C0}.Release|Any CPU.Build.0 = Release|Any CPU
	EndGlobalSection
	GlobalSection(SolutionProperties) = preSolution
		HideSolutionNode = FALSE
	EndGlobalSection
EndGlobal
